
Microsoft Visual Studio Solution File, Format Version 12.00
# Visual Studio Version 16
VisualStudioVersion = 16.0.31605.320
MinimumVisualStudioVersion = 10.0.40219.1
Project("{FAE04EC0-301F-11D3-BF4B-00C04F79EFBC}") = "TestTask", "TestTask\TestTask.csproj", "{C203DFA6-E04F-4C4B-A842-14091248EE60}"
EndProject
Project("{FAE04EC0-301F-11D3-BF4B-00C04F79EFBC}") = "TestTask.Domain", "TestTask.Domain\TestTask.Domain.csproj", "{6E51C01C-939A-4EBD-8632-8FA5A5714A6B}"
EndProject
Project("{FAE04EC0-301F-11D3-BF4B-00C04F79EFBC}") = "TestTask.App", "TestTask.App\TestTask.App.csproj", "{697FC2DF-51D0-4AEF-95F1-40700611B686}"
EndProject
Project("{FAE04EC0-301F-11D3-BF4B-00C04F79EFBC}") = "TestTask.Storage", "TestTask.Storage\TestTask.Storage.csproj", "{DE354E37-E66A-43A7-91C7-5C57BE6ADD3E}"
EndProject
Project("{FAE04EC0-301F-11D3-BF4B-00C04F79EFBC}") = "TestTask.Tests", "TestTask.Tests\TestTask.Tests.csproj", "{9885FB8D-920E-4E68-BCC9-5D09AC80D909}"
EndProject
Global
	GlobalSection(SolutionConfigurationPlatforms) = preSolution
		Debug|Any CPU = Debug|Any CPU
		Release|Any CPU = Release|Any CPU
	EndGlobalSection
	GlobalSection(ProjectConfigurationPlatforms) = postSolution
		{C203DFA6-E04F-4C4B-A842-14091248EE60}.Debug|Any CPU.ActiveCfg = Debug|Any CPU
		{C203DFA6-E04F-4C4B-A842-14091248EE60}.Debug|Any CPU.Build.0 = Debug|Any CPU
		{C203DFA6-E04F-4C4B-A842-14091248EE60}.Release|Any CPU.ActiveCfg = Release|Any CPU
		{C203DFA6-E04F-4C4B-A842-14091248EE60}.Release|Any CPU.Build.0 = Release|Any CPU
		{6E51C01C-939A-4EBD-8632-8FA5A5714A6B}.Debug|Any CPU.ActiveCfg = Debug|Any CPU
		{6E51C01C-939A-4EBD-8632-8FA5A5714A6B}.Debug|Any CPU.Build.0 = Debug|Any CPU
		{6E51C01C-939A-4EBD-8632-8FA5A5714A6B}.Release|Any CPU.ActiveCfg = Release|Any CPU
		{6E51C01C-939A-4EBD-8632-8FA5A5714A6B}.Release|Any CPU.Build.0 = Release|Any CPU
		{697FC2DF-51D0-4AEF-95F1-40700611B686}.Debug|Any CPU.ActiveCfg = Debug|Any CPU
		{697FC2DF-51D0-4AEF-95F1-40700611B686}.Debug|Any CPU.Build.0 = Debug|Any CPU
		{697FC2DF-51D0-4AEF-95F1-40700611B686}.Release|Any CPU.ActiveCfg = Release|Any CPU
		{697FC2DF-51D0-4AEF-95F1-40700611B686}.Release|Any CPU.Build.0 = Release|Any CPU
		{DE354E37-E66A-43A7-91C7-5C57BE6ADD3E}.Debug|Any CPU.ActiveCfg = Debug|Any CPU
		{DE354E37-E66A-43A7-91C7-5C57BE6ADD3E}.Debug|Any CPU.Build.0 = Debug|Any CPU
		{DE354E37-E66A-43A7-91C7-5C57BE6ADD3E}.Release|Any CPU.ActiveCfg = Release|Any CPU
		{DE354E37-E66A-43A7-91C7-5C57BE6ADD3E}.Release|Any CPU.Build.0 = Release|Any CPU
		{9885FB8D-920E-4E68-BCC9-5D09AC80D909}.Debug|Any CPU.ActiveCfg = Debug|Any CPU
		{9885FB8D-920E-4E68-BCC9-5D09AC80D909}.Debug|Any CPU.Build.0 = Debug|Any CPU
		{9885FB8D-920E-4E68-BCC9-5D09AC80D909}.Release|Any CPU.ActiveCfg = Release|Any CPU
		{9885FB8D-920E-4E68-BCC9-5D09AC80D909}.Release|Any CPU.Build.0 = Release|Any CPU
	EndGlobalSection
	GlobalSection(SolutionProperties) = preSolution
		HideSolutionNode = FALSE
	EndGlobalSection
	GlobalSection(ExtensibilityGlobals) = postSolution
		SolutionGuid = {4F4EA347-902C-4639-8427-E655A1A2829E}
	EndGlobalSection
EndGlobal
